
Microsoft Visual Studio Solution File, Format Version 12.00
# Visual Studio 14
VisualStudioVersion = 14.0.25420.1
MinimumVisualStudioVersion = 10.0.40219.1
Project("{FAE04EC0-301F-11D3-BF4B-00C04F79EFBC}") = "WyCash", "WyCash\WyCash.csproj", "{83E84D50-B418-4BEC-9527-3775B7DE52C7}"
EndProject
Project("{FAE04EC0-301F-11D3-BF4B-00C04F79EFBC}") = "WyCashTest", "WyCashTest\WyCashTest.csproj", "{156C4813-2C4F-4FF3-9A84-F9EE856E1549}"
EndProject
Global
	GlobalSection(SolutionConfigurationPlatforms) = preSolution
		Debug|Any CPU = Debug|Any CPU
	EndGlobalSection
	GlobalSection(ProjectConfigurationPlatforms) = postSolution
		{83E84D50-B418-4BEC-9527-3775B7DE52C7}.Debug|Any CPU.ActiveCfg = Debug|Any CPU
		{83E84D50-B418-4BEC-9527-3775B7DE52C7}.Debug|Any CPU.Build.0 = Debug|Any CPU
		{156C4813-2C4F-4FF3-9A84-F9EE856E1549}.Debug|Any CPU.ActiveCfg = Debug|Any CPU
		{156C4813-2C4F-4FF3-9A84-F9EE856E1549}.Debug|Any CPU.Build.0 = Debug|Any CPU
	EndGlobalSection
	GlobalSection(SolutionProperties) = preSolution
		HideSolutionNode = FALSE
	EndGlobalSection
EndGlobal
